
Microsoft Visual Studio Solution File, Format Version 12.00
# Visual Studio 14
VisualStudioVersion = 14.0.24720.0
MinimumVisualStudioVersion = 10.0.40219.1
Project("{FAE04EC0-301F-11D3-BF4B-00C04F79EFBC}") = "01. Hello C Sharp", "01.Hello C Sharp\01. Hello C Sharp.csproj", "{276B01A4-19C8-4804-AC85-0169C40E0AF5}"
EndProject
Project("{FAE04EC0-301F-11D3-BF4B-00C04F79EFBC}") = "02. Expression", "02.Expression\02. Expression.csproj", "{2DF9582D-DCAD-4730-B6E7-A1F73DE678F5}"
EndProject
Project("{FAE04EC0-301F-11D3-BF4B-00C04F79EFBC}") = "05. Nums 1...20", "05.Numbers 1 to 20\05. Nums 1...20.csproj", "{7CCCF871-9B60-4752-AB1E-55DA31EED946}"
EndProject
Project("{FAE04EC0-301F-11D3-BF4B-00C04F79EFBC}") = "06.Triangle of 55 Stars", "06.Triangle of 55 Stars\06.Triangle of 55 Stars.csproj", "{66E09927-7BC4-4198-A6E8-DBAF556E3856}"
EndProject
Project("{FAE04EC0-301F-11D3-BF4B-00C04F79EFBC}") = "07. Rectangle Area", "07.Rectangle Area\07. Rectangle Area.csproj", "{35949C30-7DD7-43AF-A15D-D74BB9112F80}"
EndProject
Project("{FAE04EC0-301F-11D3-BF4B-00C04F79EFBC}") = "08.Square of Stars", "08.Square of Stars\08.Square of Stars.csproj", "{F4ACEA3D-835E-4A3D-A062-C78920E1C65D}"
EndProject
Project("{FAE04EC0-301F-11D3-BF4B-00C04F79EFBC}") = "03.Sumator", "03.Sumator\03.Sumator.csproj", "{EEF2F815-2357-4312-B2C8-81E4B33514E4}"
EndProject
Project("{FAE04EC0-301F-11D3-BF4B-00C04F79EFBC}") = "04.Online Sumator", "04.Online Sumator\04.Online Sumator.csproj", "{B0D65253-88EA-4A46-AFF2-DF66D0353F2B}"
EndProject
Global
	GlobalSection(SolutionConfigurationPlatforms) = preSolution
		Debug|Any CPU = Debug|Any CPU
		Release|Any CPU = Release|Any CPU
	EndGlobalSection
	GlobalSection(ProjectConfigurationPlatforms) = postSolution
		{276B01A4-19C8-4804-AC85-0169C40E0AF5}.Debug|Any CPU.ActiveCfg = Debug|Any CPU
		{276B01A4-19C8-4804-AC85-0169C40E0AF5}.Debug|Any CPU.Build.0 = Debug|Any CPU
		{276B01A4-19C8-4804-AC85-0169C40E0AF5}.Release|Any CPU.ActiveCfg = Release|Any CPU
		{276B01A4-19C8-4804-AC85-0169C40E0AF5}.Release|Any CPU.Build.0 = Release|Any CPU
		{2DF9582D-DCAD-4730-B6E7-A1F73DE678F5}.Debug|Any CPU.ActiveCfg = Debug|Any CPU
		{2DF9582D-DCAD-4730-B6E7-A1F73DE678F5}.Debug|Any CPU.Build.0 = Debug|Any CPU
		{2DF9582D-DCAD-4730-B6E7-A1F73DE678F5}.Release|Any CPU.ActiveCfg = Release|Any CPU
		{2DF9582D-DCAD-4730-B6E7-A1F73DE678F5}.Release|Any CPU.Build.0 = Release|Any CPU
		{7CCCF871-9B60-4752-AB1E-55DA31EED946}.Debug|Any CPU.ActiveCfg = Debug|Any CPU
		{7CCCF871-9B60-4752-AB1E-55DA31EED946}.Debug|Any CPU.Build.0 = Debug|Any CPU
		{7CCCF871-9B60-4752-AB1E-55DA31EED946}.Release|Any CPU.ActiveCfg = Release|Any CPU
		{7CCCF871-9B60-4752-AB1E-55DA31EED946}.Release|Any CPU.Build.0 = Release|Any CPU
		{66E09927-7BC4-4198-A6E8-DBAF556E3856}.Debug|Any CPU.ActiveCfg = Debug|Any CPU
		{66E09927-7BC4-4198-A6E8-DBAF556E3856}.Debug|Any CPU.Build.0 = Debug|Any CPU
		{66E09927-7BC4-4198-A6E8-DBAF556E3856}.Release|Any CPU.ActiveCfg = Release|Any CPU
		{66E09927-7BC4-4198-A6E8-DBAF556E3856}.Release|Any CPU.Build.0 = Release|Any CPU
		{35949C30-7DD7-43AF-A15D-D74BB9112F80}.Debug|Any CPU.ActiveCfg = Debug|Any CPU
		{35949C30-7DD7-43AF-A15D-D74BB9112F80}.Debug|Any CPU.Build.0 = Debug|Any CPU
		{35949C30-7DD7-43AF-A15D-D74BB9112F80}.Release|Any CPU.ActiveCfg = Release|Any CPU
		{35949C30-7DD7-43AF-A15D-D74BB9112F80}.Release|Any CPU.Build.0 = Release|Any CPU
		{F4ACEA3D-835E-4A3D-A062-C78920E1C65D}.Debug|Any CPU.ActiveCfg = Debug|Any CPU
		{F4ACEA3D-835E-4A3D-A062-C78920E1C65D}.Debug|Any CPU.Build.0 = Debug|Any CPU
		{F4ACEA3D-835E-4A3D-A062-C78920E1C65D}.Release|Any CPU.ActiveCfg = Release|Any CPU
		{F4ACEA3D-835E-4A3D-A062-C78920E1C65D}.Release|Any CPU.Build.0 = Release|Any CPU
		{EEF2F815-2357-4312-B2C8-81E4B33514E4}.Debug|Any CPU.ActiveCfg = Debug|Any CPU
		{EEF2F815-2357-4312-B2C8-81E4B33514E4}.Debug|Any CPU.Build.0 = Debug|Any CPU
		{EEF2F815-2357-4312-B2C8-81E4B33514E4}.Release|Any CPU.ActiveCfg = Release|Any CPU
		{EEF2F815-2357-4312-B2C8-81E4B33514E4}.Release|Any CPU.Build.0 = Release|Any CPU
		{B0D65253-88EA-4A46-AFF2-DF66D0353F2B}.Debug|Any CPU.ActiveCfg = Debug|Any CPU
		{B0D65253-88EA-4A46-AFF2-DF66D0353F2B}.Debug|Any CPU.Build.0 = Debug|Any CPU
		{B0D65253-88EA-4A46-AFF2-DF66D0353F2B}.Release|Any CPU.ActiveCfg = Release|Any CPU
		{B0D65253-88EA-4A46-AFF2-DF66D0353F2B}.Release|Any CPU.Build.0 = Release|Any CPU
	EndGlobalSection
	GlobalSection(SolutionProperties) = preSolution
		HideSolutionNode = FALSE
	EndGlobalSection
EndGlobal
