
Microsoft Visual Studio Solution File, Format Version 12.00
# Visual Studio 14
VisualStudioVersion = 14.0.24720.0
MinimumVisualStudioVersion = 10.0.40219.1
Project("{FAE04EC0-301F-11D3-BF4B-00C04F79EFBC}") = "01.Rectangle of 10 x 10 Stars", "01.Rectangle of 10 x 10 Stars\01.Rectangle of 10 x 10 Stars.csproj", "{C8F647CB-C6EB-4BF5-81B3-A35694BA3A86}"
EndProject
Project("{FAE04EC0-301F-11D3-BF4B-00C04F79EFBC}") = "02.Rectangle of N x N Stars", "02.Rectangle of N x N Stars\02.Rectangle of N x N Stars.csproj", "{D98F20BD-2F06-4717-BBA1-8E3A9506E3D6}"
EndProject
Project("{FAE04EC0-301F-11D3-BF4B-00C04F79EFBC}") = "03.Square of Stars", "03.Square of Stars\03.Square of Stars.csproj", "{C4B8A6B8-6E36-4C79-842E-8C315262C3FB}"
EndProject
Project("{FAE04EC0-301F-11D3-BF4B-00C04F79EFBC}") = "04.Triangle of Dollars", "04.Triangle of Dollars\04.Triangle of Dollars.csproj", "{15FA0FD3-9A46-4A7F-869F-A76A14752617}"
EndProject
Project("{FAE04EC0-301F-11D3-BF4B-00C04F79EFBC}") = "05.Square Frame", "05.Square Frame\05.Square Frame.csproj", "{F6B14C16-1178-4D53-8E75-3C3146A58CB2}"
EndProject
Project("{FAE04EC0-301F-11D3-BF4B-00C04F79EFBC}") = "06.Rhombus of Stars", "06.Rhombus of Stars\06.Rhombus of Stars.csproj", "{B95E27F6-AB8F-4C30-BA09-F5E9A11E8321}"
EndProject
Project("{FAE04EC0-301F-11D3-BF4B-00C04F79EFBC}") = "07. Christmas Tree", "07. Christmas Tree\07. Christmas Tree.csproj", "{8E247FDF-41CC-45DD-A0DF-9A904601B847}"
EndProject
Project("{FAE04EC0-301F-11D3-BF4B-00C04F79EFBC}") = "08. Sunglasses", "08. Sunglasses\08. Sunglasses.csproj", "{6C458555-379A-4C17-A406-6C98CF05CA7C}"
EndProject
Project("{FAE04EC0-301F-11D3-BF4B-00C04F79EFBC}") = "09. House", "09. House\09. House.csproj", "{741C4CF4-E524-4B75-B63D-0AA9E2F7B4FD}"
EndProject
Project("{FAE04EC0-301F-11D3-BF4B-00C04F79EFBC}") = "10. Diamond", "10. Diamond\10. Diamond.csproj", "{0DAB9C79-9C22-4C2C-9B58-050E35C54216}"
EndProject
Project("{FAE04EC0-301F-11D3-BF4B-00C04F79EFBC}") = "WebApp-Ratings", "WebApp-Ratings\WebApp-Ratings.csproj", "{78A546A4-0F58-45DA-90ED-0DA0580C1353}"
EndProject
Global
	GlobalSection(SolutionConfigurationPlatforms) = preSolution
		Debug|Any CPU = Debug|Any CPU
		Release|Any CPU = Release|Any CPU
	EndGlobalSection
	GlobalSection(ProjectConfigurationPlatforms) = postSolution
		{C8F647CB-C6EB-4BF5-81B3-A35694BA3A86}.Debug|Any CPU.ActiveCfg = Debug|Any CPU
		{C8F647CB-C6EB-4BF5-81B3-A35694BA3A86}.Debug|Any CPU.Build.0 = Debug|Any CPU
		{C8F647CB-C6EB-4BF5-81B3-A35694BA3A86}.Release|Any CPU.ActiveCfg = Release|Any CPU
		{C8F647CB-C6EB-4BF5-81B3-A35694BA3A86}.Release|Any CPU.Build.0 = Release|Any CPU
		{D98F20BD-2F06-4717-BBA1-8E3A9506E3D6}.Debug|Any CPU.ActiveCfg = Debug|Any CPU
		{D98F20BD-2F06-4717-BBA1-8E3A9506E3D6}.Debug|Any CPU.Build.0 = Debug|Any CPU
		{D98F20BD-2F06-4717-BBA1-8E3A9506E3D6}.Release|Any CPU.ActiveCfg = Release|Any CPU
		{D98F20BD-2F06-4717-BBA1-8E3A9506E3D6}.Release|Any CPU.Build.0 = Release|Any CPU
		{C4B8A6B8-6E36-4C79-842E-8C315262C3FB}.Debug|Any CPU.ActiveCfg = Debug|Any CPU
		{C4B8A6B8-6E36-4C79-842E-8C315262C3FB}.Debug|Any CPU.Build.0 = Debug|Any CPU
		{C4B8A6B8-6E36-4C79-842E-8C315262C3FB}.Release|Any CPU.ActiveCfg = Release|Any CPU
		{C4B8A6B8-6E36-4C79-842E-8C315262C3FB}.Release|Any CPU.Build.0 = Release|Any CPU
		{15FA0FD3-9A46-4A7F-869F-A76A14752617}.Debug|Any CPU.ActiveCfg = Debug|Any CPU
		{15FA0FD3-9A46-4A7F-869F-A76A14752617}.Debug|Any CPU.Build.0 = Debug|Any CPU
		{15FA0FD3-9A46-4A7F-869F-A76A14752617}.Release|Any CPU.ActiveCfg = Release|Any CPU
		{15FA0FD3-9A46-4A7F-869F-A76A14752617}.Release|Any CPU.Build.0 = Release|Any CPU
		{F6B14C16-1178-4D53-8E75-3C3146A58CB2}.Debug|Any CPU.ActiveCfg = Debug|Any CPU
		{F6B14C16-1178-4D53-8E75-3C3146A58CB2}.Debug|Any CPU.Build.0 = Debug|Any CPU
		{F6B14C16-1178-4D53-8E75-3C3146A58CB2}.Release|Any CPU.ActiveCfg = Release|Any CPU
		{F6B14C16-1178-4D53-8E75-3C3146A58CB2}.Release|Any CPU.Build.0 = Release|Any CPU
		{B95E27F6-AB8F-4C30-BA09-F5E9A11E8321}.Debug|Any CPU.ActiveCfg = Debug|Any CPU
		{B95E27F6-AB8F-4C30-BA09-F5E9A11E8321}.Debug|Any CPU.Build.0 = Debug|Any CPU
		{B95E27F6-AB8F-4C30-BA09-F5E9A11E8321}.Release|Any CPU.ActiveCfg = Release|Any CPU
		{B95E27F6-AB8F-4C30-BA09-F5E9A11E8321}.Release|Any CPU.Build.0 = Release|Any CPU
		{8E247FDF-41CC-45DD-A0DF-9A904601B847}.Debug|Any CPU.ActiveCfg = Debug|Any CPU
		{8E247FDF-41CC-45DD-A0DF-9A904601B847}.Debug|Any CPU.Build.0 = Debug|Any CPU
		{8E247FDF-41CC-45DD-A0DF-9A904601B847}.Release|Any CPU.ActiveCfg = Release|Any CPU
		{8E247FDF-41CC-45DD-A0DF-9A904601B847}.Release|Any CPU.Build.0 = Release|Any CPU
		{6C458555-379A-4C17-A406-6C98CF05CA7C}.Debug|Any CPU.ActiveCfg = Debug|Any CPU
		{6C458555-379A-4C17-A406-6C98CF05CA7C}.Debug|Any CPU.Build.0 = Debug|Any CPU
		{6C458555-379A-4C17-A406-6C98CF05CA7C}.Release|Any CPU.ActiveCfg = Release|Any CPU
		{6C458555-379A-4C17-A406-6C98CF05CA7C}.Release|Any CPU.Build.0 = Release|Any CPU
		{741C4CF4-E524-4B75-B63D-0AA9E2F7B4FD}.Debug|Any CPU.ActiveCfg = Debug|Any CPU
		{741C4CF4-E524-4B75-B63D-0AA9E2F7B4FD}.Debug|Any CPU.Build.0 = Debug|Any CPU
		{741C4CF4-E524-4B75-B63D-0AA9E2F7B4FD}.Release|Any CPU.ActiveCfg = Release|Any CPU
		{741C4CF4-E524-4B75-B63D-0AA9E2F7B4FD}.Release|Any CPU.Build.0 = Release|Any CPU
		{0DAB9C79-9C22-4C2C-9B58-050E35C54216}.Debug|Any CPU.ActiveCfg = Debug|Any CPU
		{0DAB9C79-9C22-4C2C-9B58-050E35C54216}.Debug|Any CPU.Build.0 = Debug|Any CPU
		{0DAB9C79-9C22-4C2C-9B58-050E35C54216}.Release|Any CPU.ActiveCfg = Release|Any CPU
		{0DAB9C79-9C22-4C2C-9B58-050E35C54216}.Release|Any CPU.Build.0 = Release|Any CPU
		{78A546A4-0F58-45DA-90ED-0DA0580C1353}.Debug|Any CPU.ActiveCfg = Debug|Any CPU
		{78A546A4-0F58-45DA-90ED-0DA0580C1353}.Debug|Any CPU.Build.0 = Debug|Any CPU
		{78A546A4-0F58-45DA-90ED-0DA0580C1353}.Release|Any CPU.ActiveCfg = Release|Any CPU
		{78A546A4-0F58-45DA-90ED-0DA0580C1353}.Release|Any CPU.Build.0 = Release|Any CPU
	EndGlobalSection
	GlobalSection(SolutionProperties) = preSolution
		HideSolutionNode = FALSE
	EndGlobalSection
EndGlobal
