
Microsoft Visual Studio Solution File, Format Version 12.00
# Visual Studio 14
VisualStudioVersion = 14.0.24720.0
MinimumVisualStudioVersion = 10.0.40219.1
Project("{FAE04EC0-301F-11D3-BF4B-00C04F79EFBC}") = "01.Daily Profit", "01.Daily Profit\01.Daily Profit.csproj", "{E35CF1EE-E7EF-4769-AA66-913073809EA7}"
EndProject
Project("{FAE04EC0-301F-11D3-BF4B-00C04F79EFBC}") = "02.Firm", "02.Firm\02.Firm.csproj", "{7EB4876F-80AB-457D-A563-F7F2D83F1C6B}"
EndProject
Project("{FAE04EC0-301F-11D3-BF4B-00C04F79EFBC}") = "03.Hotel Room", "03.Hotel Room\03.Hotel Room.csproj", "{4B37E7EE-9C4C-4A49-8395-E498919AEA91}"
EndProject
Project("{FAE04EC0-301F-11D3-BF4B-00C04F79EFBC}") = "04.Hospital", "04.Hospital\04.Hospital.csproj", "{763042B3-5D8E-4C06-BDAA-5BCBC6289E82}"
EndProject
Project("{FAE04EC0-301F-11D3-BF4B-00C04F79EFBC}") = "05.Axe", "05.Axe\05.Axe.csproj", "{204B2CBC-3A09-4484-BB70-B492D1DBD78C}"
EndProject
Project("{FAE04EC0-301F-11D3-BF4B-00C04F79EFBC}") = "06.Digits", "06.Digits\06.Digits.csproj", "{7253B3F5-2452-4D63-8F3B-21C377D23321}"
EndProject
Global
	GlobalSection(SolutionConfigurationPlatforms) = preSolution
		Debug|Any CPU = Debug|Any CPU
		Release|Any CPU = Release|Any CPU
	EndGlobalSection
	GlobalSection(ProjectConfigurationPlatforms) = postSolution
		{E35CF1EE-E7EF-4769-AA66-913073809EA7}.Debug|Any CPU.ActiveCfg = Debug|Any CPU
		{E35CF1EE-E7EF-4769-AA66-913073809EA7}.Debug|Any CPU.Build.0 = Debug|Any CPU
		{E35CF1EE-E7EF-4769-AA66-913073809EA7}.Release|Any CPU.ActiveCfg = Release|Any CPU
		{E35CF1EE-E7EF-4769-AA66-913073809EA7}.Release|Any CPU.Build.0 = Release|Any CPU
		{7EB4876F-80AB-457D-A563-F7F2D83F1C6B}.Debug|Any CPU.ActiveCfg = Debug|Any CPU
		{7EB4876F-80AB-457D-A563-F7F2D83F1C6B}.Debug|Any CPU.Build.0 = Debug|Any CPU
		{7EB4876F-80AB-457D-A563-F7F2D83F1C6B}.Release|Any CPU.ActiveCfg = Release|Any CPU
		{7EB4876F-80AB-457D-A563-F7F2D83F1C6B}.Release|Any CPU.Build.0 = Release|Any CPU
		{4B37E7EE-9C4C-4A49-8395-E498919AEA91}.Debug|Any CPU.ActiveCfg = Debug|Any CPU
		{4B37E7EE-9C4C-4A49-8395-E498919AEA91}.Debug|Any CPU.Build.0 = Debug|Any CPU
		{4B37E7EE-9C4C-4A49-8395-E498919AEA91}.Release|Any CPU.ActiveCfg = Release|Any CPU
		{4B37E7EE-9C4C-4A49-8395-E498919AEA91}.Release|Any CPU.Build.0 = Release|Any CPU
		{763042B3-5D8E-4C06-BDAA-5BCBC6289E82}.Debug|Any CPU.ActiveCfg = Debug|Any CPU
		{763042B3-5D8E-4C06-BDAA-5BCBC6289E82}.Debug|Any CPU.Build.0 = Debug|Any CPU
		{763042B3-5D8E-4C06-BDAA-5BCBC6289E82}.Release|Any CPU.ActiveCfg = Release|Any CPU
		{763042B3-5D8E-4C06-BDAA-5BCBC6289E82}.Release|Any CPU.Build.0 = Release|Any CPU
		{204B2CBC-3A09-4484-BB70-B492D1DBD78C}.Debug|Any CPU.ActiveCfg = Debug|Any CPU
		{204B2CBC-3A09-4484-BB70-B492D1DBD78C}.Debug|Any CPU.Build.0 = Debug|Any CPU
		{204B2CBC-3A09-4484-BB70-B492D1DBD78C}.Release|Any CPU.ActiveCfg = Release|Any CPU
		{204B2CBC-3A09-4484-BB70-B492D1DBD78C}.Release|Any CPU.Build.0 = Release|Any CPU
		{7253B3F5-2452-4D63-8F3B-21C377D23321}.Debug|Any CPU.ActiveCfg = Debug|Any CPU
		{7253B3F5-2452-4D63-8F3B-21C377D23321}.Debug|Any CPU.Build.0 = Debug|Any CPU
		{7253B3F5-2452-4D63-8F3B-21C377D23321}.Release|Any CPU.ActiveCfg = Release|Any CPU
		{7253B3F5-2452-4D63-8F3B-21C377D23321}.Release|Any CPU.Build.0 = Release|Any CPU
	EndGlobalSection
	GlobalSection(SolutionProperties) = preSolution
		HideSolutionNode = FALSE
	EndGlobalSection
EndGlobal
